<?xml version="1.0" encoding="utf-8"?>
<Project ToolsVersion="4.0" xmlns="http://schemas.microsoft.com/developer/msbuild/2003">
  <ItemGroup>
    <Filter Include="Source Files">
      <UniqueIdentifier>{4FC737F1-C7A5-4376-A066-2A32D752A2FF}</UniqueIdentifier>
      <Extensions>cpp;c;cc;cxx;def;odl;idl;hpj;bat;asm;asmx</Extensions>
    </Filter>
    <Filter Include="Header Files">
      <UniqueIdentifier>{93995380-89BD-4b04-88EB-625FBE52EBFB}</UniqueIdentifier>
      <Extensions>h;hh;hpp;hxx;hm;inl;inc;xsd</Extensions>
    </Filter>
    <Filter Include="Resource Files">
      <UniqueIdentifier>{67DA6AB6-F800-4c08-8B7A-83BB121AAD01}</UniqueIdentifier>
      <Extensions>rc;ico;cur;bmp;dlg;rc2;rct;bin;rgs;gif;jpg;jpeg;jpe;resx;tiff;tif;png;wav;mfcribbon-ms</Extensions>
    </Filter>
    <Filter Include="Problems">
      <UniqueIdentifier>{acea0fad-1c85-490d-b705-d957d54052bd}</UniqueIdentifier>
    </Filter>
    <Filter Include="Problems\DataStruct">
      <UniqueIdentifier>{35000bea-4c44-49b3-b699-8d67d3d41299}</UniqueIdentifier>
    </Filter>
    <Filter Include="Problems\temp">
      <UniqueIdentifier>{ec8c3cfe-14e7-4c39-a865-6a11e3df3aa5}</UniqueIdentifier>
    </Filter>
    <Filter Include="Problems\P1_20">
      <UniqueIdentifier>{7ca90025-d3eb-4d59-bea5-53a55daac379}</UniqueIdentifier>
    </Filter>
  </ItemGroup>
  <ItemGroup>
    <ClCompile Include="main.cpp">
      <Filter>Source Files</Filter>
    </ClCompile>
    <ClCompile Include="util.cpp">
      <Filter>Source Files</Filter>
    </ClCompile>
    <ClCompile Include="Util_String.cpp">
      <Filter>Source Files</Filter>
    </ClCompile>
  </ItemGroup>
  <ItemGroup>
    <ClInclude Include="util.h">
      <Filter>Header Files</Filter>
    </ClInclude>
    <ClInclude Include="Util_String.h">
      <Filter>Header Files</Filter>
    </ClInclude>
    <ClInclude Include="problem1.h">
      <Filter>Problems\P1_20</Filter>
    </ClInclude>
    <ClInclude Include="problem2.h">
      <Filter>Problems\P1_20</Filter>
    </ClInclude>
    <ClInclude Include="problem3.h">
      <Filter>Problems\P1_20</Filter>
    </ClInclude>
    <ClInclude Include="DataStruct.h">
      <Filter>Problems\DataStruct</Filter>
    </ClInclude>
    <ClInclude Include="temp02.h">
      <Filter>Problems\temp</Filter>
    </ClInclude>
    <ClInclude Include="temp01.h">
      <Filter>Problems\temp</Filter>
    </ClInclude>
    <ClInclude Include="problem4.h">
      <Filter>Problems\P1_20</Filter>
    </ClInclude>
    <ClInclude Include="problem5.h">
      <Filter>Problems\P1_20</Filter>
    </ClInclude>
    <ClInclude Include="problem6.h">
      <Filter>Problems\P1_20</Filter>
    </ClInclude>
    <ClInclude Include="problem7.h">
      <Filter>Problems\P1_20</Filter>
    </ClInclude>
    <ClInclude Include="problem8.h">
      <Filter>Problems\P1_20</Filter>
    </ClInclude>
    <ClInclude Include="problem9.h">
      <Filter>Problems\P1_20</Filter>
    </ClInclude>
    <ClInclude Include="problem10.h">
      <Filter>Problems\P1_20</Filter>
    </ClInclude>
    <ClInclude Include="problem11.h">
      <Filter>Problems\P1_20</Filter>
    </ClInclude>
    <ClInclude Include="problem12.h">
      <Filter>Problems\P1_20</Filter>
    </ClInclude>
    <ClInclude Include="problem13.h">
      <Filter>Problems\P1_20</Filter>
    </ClInclude>
    <ClInclude Include="problem14.h">
      <Filter>Problems\P1_20</Filter>
    </ClInclude>
    <ClInclude Include="problem15.h">
      <Filter>Problems\P1_20</Filter>
    </ClInclude>
    <ClInclude Include="problem16.h">
      <Filter>Problems\P1_20</Filter>
    </ClInclude>
    <ClInclude Include="problem17.h">
      <Filter>Problems\P1_20</Filter>
    </ClInclude>
    <ClInclude Include="problem18.h">
      <Filter>Problems\P1_20</Filter>
    </ClInclude>
    <ClInclude Include="problem19.h">
      <Filter>Problems\P1_20</Filter>
    </ClInclude>
    <ClInclude Include="problem20.h">
      <Filter>Problems\P1_20</Filter>
    </ClInclude>
  </ItemGroup>
</Project>