<?xml version="1.0" encoding="utf-8"?>
<Project ToolsVersion="4.0" xmlns="http://schemas.microsoft.com/developer/msbuild/2003">
  <ItemGroup>
    <Filter Include="Source Files">
      <UniqueIdentifier>{4FC737F1-C7A5-4376-A066-2A32D752A2FF}</UniqueIdentifier>
      <Extensions>cpp;c;cc;cxx;def;odl;idl;hpj;bat;asm;asmx</Extensions>
    </Filter>
    <Filter Include="Header Files">
      <UniqueIdentifier>{93995380-89BD-4b04-88EB-625FBE52EBFB}</UniqueIdentifier>
      <Extensions>h;hh;hpp;hxx;hm;inl;inc;xsd</Extensions>
    </Filter>
    <Filter Include="Resource Files">
      <UniqueIdentifier>{67DA6AB6-F800-4c08-8B7A-83BB121AAD01}</UniqueIdentifier>
      <Extensions>rc;ico;cur;bmp;dlg;rc2;rct;bin;rgs;gif;jpg;jpeg;jpe;resx;tiff;tif;png;wav;mfcribbon-ms</Extensions>
    </Filter>
    <Filter Include="Problems">
      <UniqueIdentifier>{acea0fad-1c85-490d-b705-d957d54052bd}</UniqueIdentifier>
    </Filter>
    <Filter Include="Problems\DataStruct">
      <UniqueIdentifier>{35000bea-4c44-49b3-b699-8d67d3d41299}</UniqueIdentifier>
    </Filter>
    <Filter Include="Problems\temp">
      <UniqueIdentifier>{ec8c3cfe-14e7-4c39-a865-6a11e3df3aa5}</UniqueIdentifier>
    </Filter>
    <Filter Include="Problems\P1_20">
      <UniqueIdentifier>{7ca90025-d3eb-4d59-bea5-53a55daac379}</UniqueIdentifier>
    </Filter>
    <Filter Include="Problems\p21_40">
      <UniqueIdentifier>{f48d5c27-ace8-415a-914a-c1aa396ef478}</UniqueIdentifier>
    </Filter>
  </ItemGroup>
  <ItemGroup>
    <ClCompile Include="main.cpp">
      <Filter>Source Files</Filter>
    </ClCompile>
    <ClCompile Include="util.cpp">
      <Filter>Source Files</Filter>
    </ClCompile>
    <ClCompile Include="Util_String.cpp">
      <Filter>Source Files</Filter>
    </ClCompile>
  </ItemGroup>
  <ItemGroup>
    <ClInclude Include="util.h">
      <Filter>Header Files</Filter>
    </ClInclude>
    <ClInclude Include="Util_String.h">
      <Filter>Header Files</Filter>
    </ClInclude>
    <ClInclude Include="DataStruct.h">
      <Filter>Problems\DataStruct</Filter>
    </ClInclude>
    <ClInclude Include="temp02.h">
      <Filter>Problems\temp</Filter>
    </ClInclude>
    <ClInclude Include="temp01.h">
      <Filter>Problems\temp</Filter>
    </ClInclude>
    <ClInclude Include="Problems\problem1.h">
      <Filter>Problems\P1_20</Filter>
    </ClInclude>
    <ClInclude Include="Problems\problem2.h">
      <Filter>Problems\P1_20</Filter>
    </ClInclude>
    <ClInclude Include="Problems\problem3.h">
      <Filter>Problems\P1_20</Filter>
    </ClInclude>
    <ClInclude Include="Problems\problem4.h">
      <Filter>Problems\P1_20</Filter>
    </ClInclude>
    <ClInclude Include="Problems\problem5.h">
      <Filter>Problems\P1_20</Filter>
    </ClInclude>
    <ClInclude Include="Problems\problem6.h">
      <Filter>Problems\P1_20</Filter>
    </ClInclude>
    <ClInclude Include="Problems\problem7.h">
      <Filter>Problems\P1_20</Filter>
    </ClInclude>
    <ClInclude Include="Problems\problem8.h">
      <Filter>Problems\P1_20</Filter>
    </ClInclude>
    <ClInclude Include="Problems\problem9.h">
      <Filter>Problems\P1_20</Filter>
    </ClInclude>
    <ClInclude Include="Problems\problem10.h">
      <Filter>Problems\P1_20</Filter>
    </ClInclude>
    <ClInclude Include="Problems\problem11.h">
      <Filter>Problems\P1_20</Filter>
    </ClInclude>
    <ClInclude Include="Problems\problem12.h">
      <Filter>Problems\P1_20</Filter>
    </ClInclude>
    <ClInclude Include="Problems\problem13.h">
      <Filter>Problems\P1_20</Filter>
    </ClInclude>
    <ClInclude Include="Problems\problem14.h">
      <Filter>Problems\P1_20</Filter>
    </ClInclude>
    <ClInclude Include="Problems\problem15.h">
      <Filter>Problems\P1_20</Filter>
    </ClInclude>
    <ClInclude Include="Problems\problem16.h">
      <Filter>Problems\P1_20</Filter>
    </ClInclude>
    <ClInclude Include="Problems\problem17.h">
      <Filter>Problems\P1_20</Filter>
    </ClInclude>
    <ClInclude Include="Problems\problem18.h">
      <Filter>Problems\P1_20</Filter>
    </ClInclude>
    <ClInclude Include="Problems\problem19.h">
      <Filter>Problems\P1_20</Filter>
    </ClInclude>
    <ClInclude Include="Problems\problem20.h">
      <Filter>Problems\P1_20</Filter>
    </ClInclude>
    <ClInclude Include="Problems\problem21.h">
      <Filter>Problems\p21_40</Filter>
    </ClInclude>
    <ClInclude Include="Problems\problem22.h">
      <Filter>Problems\p21_40</Filter>
    </ClInclude>
    <ClInclude Include="Problems\problem23.h">
      <Filter>Problems\p21_40</Filter>
    </ClInclude>
    <ClInclude Include="Problems\problem24.h">
      <Filter>Problems\p21_40</Filter>
    </ClInclude>
    <ClInclude Include="Problems\problem25.h">
      <Filter>Problems\p21_40</Filter>
    </ClInclude>
    <ClInclude Include="Problems\problem26.h">
      <Filter>Problems\p21_40</Filter>
    </ClInclude>
    <ClInclude Include="Problems\problem27.h">
      <Filter>Problems\p21_40</Filter>
    </ClInclude>
    <ClInclude Include="Problems\problem28.h">
      <Filter>Problems\p21_40</Filter>
    </ClInclude>
    <ClInclude Include="Problems\problem29.h">
      <Filter>Problems\p21_40</Filter>
    </ClInclude>
    <ClInclude Include="Problems\problem30.h">
      <Filter>Problems\p21_40</Filter>
    </ClInclude>
    <ClInclude Include="Problems\problem31.h">
      <Filter>Problems\p21_40</Filter>
    </ClInclude>
    <ClInclude Include="Problems\problem32.h">
      <Filter>Problems\p21_40</Filter>
    </ClInclude>
  </ItemGroup>
</Project>